
Microsoft Visual Studio Solution File, Format Version 12.00
# Visual Studio Version 16
VisualStudioVersion = 16.0.31515.178
MinimumVisualStudioVersion = 10.0.40219.1
Project("{888888A0-9F3D-457C-B088-3A5042F75D52}") = "Temp_Conversion", "Temp_Conversion.pyproj", "{700F762D-9053-4CC0-BFF4-E985C9440547}"
EndProject
Global
	GlobalSection(SolutionConfigurationPlatforms) = preSolution
		Debug|Any CPU = Debug|Any CPU
		Release|Any CPU = Release|Any CPU
	EndGlobalSection
	GlobalSection(ProjectConfigurationPlatforms) = postSolution
		{700F762D-9053-4CC0-BFF4-E985C9440547}.Debug|Any CPU.ActiveCfg = Debug|Any CPU
		{700F762D-9053-4CC0-BFF4-E985C9440547}.Release|Any CPU.ActiveCfg = Release|Any CPU
	EndGlobalSection
	GlobalSection(SolutionProperties) = preSolution
		HideSolutionNode = FALSE
	EndGlobalSection
	GlobalSection(ExtensibilityGlobals) = postSolution
		SolutionGuid = {872AB98C-7CD1-4649-91FE-1651C694BA69}
	EndGlobalSection
EndGlobal
